
Microsoft Visual Studio Solution File, Format Version 12.00
# Visual Studio Version 17
VisualStudioVersion = 17.5.33530.505
MinimumVisualStudioVersion = 10.0.40219.1
Project("{FAE04EC0-301F-11D3-BF4B-00C04F79EFBC}") = "ProductManger.Api", "ProductManger.Api\ProductManger.Api.csproj", "{EB6DB94D-1DE0-493E-9A84-DE1E46F2BE0C}"
EndProject
Project("{FAE04EC0-301F-11D3-BF4B-00C04F79EFBC}") = "ProductMananger.Core", "ProductMananger.Core\ProductMananger.Core.csproj", "{6A384811-D8BE-4EC2-9394-CCDEA5E758F5}"
EndProject
Project("{FAE04EC0-301F-11D3-BF4B-00C04F79EFBC}") = "ProductMananger.Infra", "ProductMananger.Infra\ProductMananger.Infra.csproj", "{2E12984C-5309-4D56-B535-9EF6544AEA9A}"
EndProject
Project("{FAE04EC0-301F-11D3-BF4B-00C04F79EFBC}") = "ProductManager.Domian", "ProductManager.Domian\ProductManager.Domian.csproj", "{69325517-49A5-47E9-AE8C-8BB4FCAE9405}"
EndProject
Global
	GlobalSection(SolutionConfigurationPlatforms) = preSolution
		Debug|Any CPU = Debug|Any CPU
		Release|Any CPU = Release|Any CPU
	EndGlobalSection
	GlobalSection(ProjectConfigurationPlatforms) = postSolution
		{EB6DB94D-1DE0-493E-9A84-DE1E46F2BE0C}.Debug|Any CPU.ActiveCfg = Debug|Any CPU
		{EB6DB94D-1DE0-493E-9A84-DE1E46F2BE0C}.Debug|Any CPU.Build.0 = Debug|Any CPU
		{EB6DB94D-1DE0-493E-9A84-DE1E46F2BE0C}.Release|Any CPU.ActiveCfg = Release|Any CPU
		{EB6DB94D-1DE0-493E-9A84-DE1E46F2BE0C}.Release|Any CPU.Build.0 = Release|Any CPU
		{6A384811-D8BE-4EC2-9394-CCDEA5E758F5}.Debug|Any CPU.ActiveCfg = Debug|Any CPU
		{6A384811-D8BE-4EC2-9394-CCDEA5E758F5}.Debug|Any CPU.Build.0 = Debug|Any CPU
		{6A384811-D8BE-4EC2-9394-CCDEA5E758F5}.Release|Any CPU.ActiveCfg = Release|Any CPU
		{6A384811-D8BE-4EC2-9394-CCDEA5E758F5}.Release|Any CPU.Build.0 = Release|Any CPU
		{2E12984C-5309-4D56-B535-9EF6544AEA9A}.Debug|Any CPU.ActiveCfg = Debug|Any CPU
		{2E12984C-5309-4D56-B535-9EF6544AEA9A}.Debug|Any CPU.Build.0 = Debug|Any CPU
		{2E12984C-5309-4D56-B535-9EF6544AEA9A}.Release|Any CPU.ActiveCfg = Release|Any CPU
		{2E12984C-5309-4D56-B535-9EF6544AEA9A}.Release|Any CPU.Build.0 = Release|Any CPU
		{69325517-49A5-47E9-AE8C-8BB4FCAE9405}.Debug|Any CPU.ActiveCfg = Debug|Any CPU
		{69325517-49A5-47E9-AE8C-8BB4FCAE9405}.Debug|Any CPU.Build.0 = Debug|Any CPU
		{69325517-49A5-47E9-AE8C-8BB4FCAE9405}.Release|Any CPU.ActiveCfg = Release|Any CPU
		{69325517-49A5-47E9-AE8C-8BB4FCAE9405}.Release|Any CPU.Build.0 = Release|Any CPU
	EndGlobalSection
	GlobalSection(SolutionProperties) = preSolution
		HideSolutionNode = FALSE
	EndGlobalSection
	GlobalSection(ExtensibilityGlobals) = postSolution
		SolutionGuid = {BB644ECC-FAA0-4BCB-BCD9-F5C3537FE354}
	EndGlobalSection
EndGlobal
